
Microsoft Visual Studio Solution File, Format Version 12.00
# Visual Studio 15
VisualStudioVersion = 15.0.27130.2026
MinimumVisualStudioVersion = 10.0.40219.1
Project("{FAE04EC0-301F-11D3-BF4B-00C04F79EFBC}") = "YoutubeClientUploader", "YoutubeClientUploader\YoutubeClientUploader.csproj", "{614BD3CC-2B75-4551-B80E-0C5DFDF26370}"
EndProject
Global
	GlobalSection(SolutionConfigurationPlatforms) = preSolution
		Debug|Any CPU = Debug|Any CPU
		Release|Any CPU = Release|Any CPU
	EndGlobalSection
	GlobalSection(ProjectConfigurationPlatforms) = postSolution
		{614BD3CC-2B75-4551-B80E-0C5DFDF26370}.Debug|Any CPU.ActiveCfg = Debug|Any CPU
		{614BD3CC-2B75-4551-B80E-0C5DFDF26370}.Debug|Any CPU.Build.0 = Debug|Any CPU
		{614BD3CC-2B75-4551-B80E-0C5DFDF26370}.Release|Any CPU.ActiveCfg = Release|Any CPU
		{614BD3CC-2B75-4551-B80E-0C5DFDF26370}.Release|Any CPU.Build.0 = Release|Any CPU
	EndGlobalSection
	GlobalSection(SolutionProperties) = preSolution
		HideSolutionNode = FALSE
	EndGlobalSection
	GlobalSection(ExtensibilityGlobals) = postSolution
		SolutionGuid = {E1046FAE-5FBC-485F-8AA0-A6A9617AE1A5}
	EndGlobalSection
EndGlobal
